
Microsoft Visual Studio Solution File, Format Version 12.00
# Visual Studio Version 17
VisualStudioVersion = 17.3.32922.545
MinimumVisualStudioVersion = 10.0.40219.1
Project("{9A19103F-16F7-4668-BE54-9A1E7A4F7556}") = "calculator", "calculator\calculator.csproj", "{008F350D-A715-4B02-BAE0-2CE943499538}"
EndProject
Project("{9A19103F-16F7-4668-BE54-9A1E7A4F7556}") = "fibo", "fibo\fibo.csproj", "{A19F6B2E-60B8-48B2-9DDA-7B5206C4F603}"
EndProject
Project("{9A19103F-16F7-4668-BE54-9A1E7A4F7556}") = "binarySearch", "binarySearch\binarySearch.csproj", "{5DD00557-69B9-4296-B5F8-450E77449522}"
EndProject
Project("{9A19103F-16F7-4668-BE54-9A1E7A4F7556}") = "vowelOrNot", "vowelOrNot\vowelOrNot.csproj", "{274BBC76-39A6-4AA2-AF9F-322EAAF152F2}"
EndProject
Project("{9A19103F-16F7-4668-BE54-9A1E7A4F7556}") = "numberToBinary", "numberToBinary\numberToBinary.csproj", "{401E9B6A-230A-4272-A206-A73B7D1FE166}"
EndProject
Project("{9A19103F-16F7-4668-BE54-9A1E7A4F7556}") = "ConsoleTicTacToe", "ConsoleTicTacToe\ConsoleTicTacToe.csproj", "{67407E0A-6AA3-4901-9C3F-1632EFA1C6E4}"
EndProject
Project("{9A19103F-16F7-4668-BE54-9A1E7A4F7556}") = "ProductManagment", "ProductManagment\ProductManagment.csproj", "{CA984213-F19A-4CE2-A966-8825B1EF1DF3}"
EndProject
Project("{FAE04EC0-301F-11D3-BF4B-00C04F79EFBC}") = "BurgerBuilder", "BurgerBuilder\BurgerBuilder.csproj", "{FB0A1830-236D-4BD9-A951-2B2901FC9E91}"
EndProject
Global
	GlobalSection(SolutionConfigurationPlatforms) = preSolution
		Debug|Any CPU = Debug|Any CPU
		Release|Any CPU = Release|Any CPU
	EndGlobalSection
	GlobalSection(ProjectConfigurationPlatforms) = postSolution
		{008F350D-A715-4B02-BAE0-2CE943499538}.Debug|Any CPU.ActiveCfg = Debug|Any CPU
		{008F350D-A715-4B02-BAE0-2CE943499538}.Debug|Any CPU.Build.0 = Debug|Any CPU
		{008F350D-A715-4B02-BAE0-2CE943499538}.Release|Any CPU.ActiveCfg = Release|Any CPU
		{008F350D-A715-4B02-BAE0-2CE943499538}.Release|Any CPU.Build.0 = Release|Any CPU
		{A19F6B2E-60B8-48B2-9DDA-7B5206C4F603}.Debug|Any CPU.ActiveCfg = Debug|Any CPU
		{A19F6B2E-60B8-48B2-9DDA-7B5206C4F603}.Debug|Any CPU.Build.0 = Debug|Any CPU
		{A19F6B2E-60B8-48B2-9DDA-7B5206C4F603}.Release|Any CPU.ActiveCfg = Release|Any CPU
		{A19F6B2E-60B8-48B2-9DDA-7B5206C4F603}.Release|Any CPU.Build.0 = Release|Any CPU
		{5DD00557-69B9-4296-B5F8-450E77449522}.Debug|Any CPU.ActiveCfg = Debug|Any CPU
		{5DD00557-69B9-4296-B5F8-450E77449522}.Debug|Any CPU.Build.0 = Debug|Any CPU
		{5DD00557-69B9-4296-B5F8-450E77449522}.Release|Any CPU.ActiveCfg = Release|Any CPU
		{5DD00557-69B9-4296-B5F8-450E77449522}.Release|Any CPU.Build.0 = Release|Any CPU
		{274BBC76-39A6-4AA2-AF9F-322EAAF152F2}.Debug|Any CPU.ActiveCfg = Debug|Any CPU
		{274BBC76-39A6-4AA2-AF9F-322EAAF152F2}.Debug|Any CPU.Build.0 = Debug|Any CPU
		{274BBC76-39A6-4AA2-AF9F-322EAAF152F2}.Release|Any CPU.ActiveCfg = Release|Any CPU
		{274BBC76-39A6-4AA2-AF9F-322EAAF152F2}.Release|Any CPU.Build.0 = Release|Any CPU
		{401E9B6A-230A-4272-A206-A73B7D1FE166}.Debug|Any CPU.ActiveCfg = Debug|Any CPU
		{401E9B6A-230A-4272-A206-A73B7D1FE166}.Debug|Any CPU.Build.0 = Debug|Any CPU
		{401E9B6A-230A-4272-A206-A73B7D1FE166}.Release|Any CPU.ActiveCfg = Release|Any CPU
		{401E9B6A-230A-4272-A206-A73B7D1FE166}.Release|Any CPU.Build.0 = Release|Any CPU
		{67407E0A-6AA3-4901-9C3F-1632EFA1C6E4}.Debug|Any CPU.ActiveCfg = Debug|Any CPU
		{67407E0A-6AA3-4901-9C3F-1632EFA1C6E4}.Debug|Any CPU.Build.0 = Debug|Any CPU
		{67407E0A-6AA3-4901-9C3F-1632EFA1C6E4}.Release|Any CPU.ActiveCfg = Release|Any CPU
		{67407E0A-6AA3-4901-9C3F-1632EFA1C6E4}.Release|Any CPU.Build.0 = Release|Any CPU
		{CA984213-F19A-4CE2-A966-8825B1EF1DF3}.Debug|Any CPU.ActiveCfg = Debug|Any CPU
		{CA984213-F19A-4CE2-A966-8825B1EF1DF3}.Debug|Any CPU.Build.0 = Debug|Any CPU
		{CA984213-F19A-4CE2-A966-8825B1EF1DF3}.Release|Any CPU.ActiveCfg = Release|Any CPU
		{CA984213-F19A-4CE2-A966-8825B1EF1DF3}.Release|Any CPU.Build.0 = Release|Any CPU
		{FB0A1830-236D-4BD9-A951-2B2901FC9E91}.Debug|Any CPU.ActiveCfg = Debug|Any CPU
		{FB0A1830-236D-4BD9-A951-2B2901FC9E91}.Debug|Any CPU.Build.0 = Debug|Any CPU
		{FB0A1830-236D-4BD9-A951-2B2901FC9E91}.Release|Any CPU.ActiveCfg = Release|Any CPU
		{FB0A1830-236D-4BD9-A951-2B2901FC9E91}.Release|Any CPU.Build.0 = Release|Any CPU
	EndGlobalSection
	GlobalSection(SolutionProperties) = preSolution
		HideSolutionNode = FALSE
	EndGlobalSection
	GlobalSection(ExtensibilityGlobals) = postSolution
		SolutionGuid = {A0A3EE7F-648F-41EB-B541-04E343C40D5B}
	EndGlobalSection
EndGlobal
